
Microsoft Visual Studio Solution File, Format Version 12.00
# Visual Studio 15
VisualStudioVersion = 15.0.27130.2010
MinimumVisualStudioVersion = 10.0.40219.1
Project("{FAE04EC0-301F-11D3-BF4B-00C04F79EFBC}") = "ConsoleHadoop1", "ConsoleHadoop1\ConsoleHadoop1.csproj", "{22D85515-D36F-4F57-A54B-5CC43CFCC30C}"
EndProject
Global
	GlobalSection(SolutionConfigurationPlatforms) = preSolution
		Debug|Any CPU = Debug|Any CPU
		Release|Any CPU = Release|Any CPU
	EndGlobalSection
	GlobalSection(ProjectConfigurationPlatforms) = postSolution
		{22D85515-D36F-4F57-A54B-5CC43CFCC30C}.Debug|Any CPU.ActiveCfg = Debug|Any CPU
		{22D85515-D36F-4F57-A54B-5CC43CFCC30C}.Debug|Any CPU.Build.0 = Debug|Any CPU
		{22D85515-D36F-4F57-A54B-5CC43CFCC30C}.Release|Any CPU.ActiveCfg = Release|Any CPU
		{22D85515-D36F-4F57-A54B-5CC43CFCC30C}.Release|Any CPU.Build.0 = Release|Any CPU
	EndGlobalSection
	GlobalSection(SolutionProperties) = preSolution
		HideSolutionNode = FALSE
	EndGlobalSection
	GlobalSection(ExtensibilityGlobals) = postSolution
		SolutionGuid = {EE8A37A2-A16C-4C76-9A53-E5269338C4EE}
	EndGlobalSection
EndGlobal
